
Microsoft Visual Studio Solution File, Format Version 12.00
# Visual Studio Version 16
VisualStudioVersion = 16.0.29613.14
MinimumVisualStudioVersion = 10.0.40219.1
Project("{FAE04EC0-301F-11D3-BF4B-00C04F79EFBC}") = "TestePolimorfismo", "TestePolimorfismo\TestePolimorfismo.csproj", "{DBA81C63-988E-4569-82CB-6B111638DC05}"
EndProject
Global
	GlobalSection(SolutionConfigurationPlatforms) = preSolution
		Debug|Any CPU = Debug|Any CPU
		Release|Any CPU = Release|Any CPU
	EndGlobalSection
	GlobalSection(ProjectConfigurationPlatforms) = postSolution
		{DBA81C63-988E-4569-82CB-6B111638DC05}.Debug|Any CPU.ActiveCfg = Debug|Any CPU
		{DBA81C63-988E-4569-82CB-6B111638DC05}.Debug|Any CPU.Build.0 = Debug|Any CPU
		{DBA81C63-988E-4569-82CB-6B111638DC05}.Release|Any CPU.ActiveCfg = Release|Any CPU
		{DBA81C63-988E-4569-82CB-6B111638DC05}.Release|Any CPU.Build.0 = Release|Any CPU
	EndGlobalSection
	GlobalSection(SolutionProperties) = preSolution
		HideSolutionNode = FALSE
	EndGlobalSection
	GlobalSection(ExtensibilityGlobals) = postSolution
		SolutionGuid = {99511816-16B8-43D5-9C15-CF9C93EE92AE}
	EndGlobalSection
EndGlobal
